<?xml version="1.0" encoding="utf-8"?>
<Project ToolsVersion="4.0" xmlns="http://schemas.microsoft.com/developer/msbuild/2003">
  <ItemGroup>
    <Filter Include="Source Files">
      <UniqueIdentifier>{4FC737F1-C7A5-4376-A066-2A32D752A2FF}</UniqueIdentifier>
      <Extensions>cpp;c;cc;cxx;c++;def;odl;idl;hpj;bat;asm;asmx</Extensions>
    </Filter>
    <Filter Include="Header Files">
      <UniqueIdentifier>{93995380-89BD-4b04-88EB-625FBE52EBFB}</UniqueIdentifier>
      <Extensions>h;hh;hpp;hxx;h++;hm;inl;inc;ipp;xsd</Extensions>
    </Filter>
    <Filter Include="Resource Files">
      <UniqueIdentifier>{67DA6AB6-F800-4c08-8B7A-83BB121AAD01}</UniqueIdentifier>
      <Extensions>rc;ico;cur;bmp;dlg;rc2;rct;bin;rgs;gif;jpg;jpeg;jpe;resx;tiff;tif;png;wav;mfcribbon-ms</Extensions>
    </Filter>
  </ItemGroup>
  <ItemGroup>
    <ClCompile Include="src\rmg_Constants.cpp">
      <Filter>Source Files</Filter>
    </ClCompile>
    <ClCompile Include="src\RMGraphics.cpp">
      <Filter>Source Files</Filter>
    </ClCompile>
    <ClCompile Include="src\Time\rmg_Time.cpp">
      <Filter>Source Files</Filter>
    </ClCompile>
    <ClCompile Include="src\Application\rmg_Application.cpp">
      <Filter>Source Files</Filter>
    </ClCompile>
    <ClCompile Include="src\Input\rmg_Input.cpp">
      <Filter>Source Files</Filter>
    </ClCompile>
    <ClCompile Include="src\Log\rmg_Log.cpp">
      <Filter>Source Files</Filter>
    </ClCompile>
    <ClCompile Include="src\Math\rmg_Random.cpp">
      <Filter>Source Files</Filter>
    </ClCompile>
    <ClCompile Include="src\Math\rmg_Vector.cpp">
      <Filter>Source Files</Filter>
    </ClCompile>
    <ClCompile Include="src\Renderer\rmg_Renderer.cpp">
      <Filter>Source Files</Filter>
    </ClCompile>
    <ClCompile Include="src\Renderer\rmg_RendererShapes.cpp">
      <Filter>Source Files</Filter>
    </ClCompile>
    <ClCompile Include="src\Renderer\rmg_RendererVertex.cpp">
      <Filter>Source Files</Filter>
    </ClCompile>
    <ClCompile Include="src\Texture\rmg_Font.cpp">
      <Filter>Source Files</Filter>
    </ClCompile>
    <ClCompile Include="src\Texture\rmg_Texture.cpp">
      <Filter>Source Files</Filter>
    </ClCompile>
    <ClCompile Include="vendor\stb_image\stb_image.cpp">
      <Filter>Source Files</Filter>
    </ClCompile>
  </ItemGroup>
  <ItemGroup>
    <ClInclude Include="src\rmg_Constants.h">
      <Filter>Header Files</Filter>
    </ClInclude>
    <ClInclude Include="src\rmg_Constants_int.h">
      <Filter>Header Files</Filter>
    </ClInclude>
    <ClInclude Include="src\RMGraphics.h">
      <Filter>Header Files</Filter>
    </ClInclude>
    <ClInclude Include="src\Time\rmg_Time.h">
      <Filter>Header Files</Filter>
    </ClInclude>
    <ClInclude Include="src\Time\rmg_Time_int.h">
      <Filter>Header Files</Filter>
    </ClInclude>
    <ClInclude Include="src\Application\rmg_Application.h">
      <Filter>Header Files</Filter>
    </ClInclude>
    <ClInclude Include="src\Input\rmg_Input.h">
      <Filter>Header Files</Filter>
    </ClInclude>
    <ClInclude Include="src\Input\rmg_Input_int.h">
      <Filter>Header Files</Filter>
    </ClInclude>
    <ClInclude Include="src\Log\rmg_Log.h">
      <Filter>Header Files</Filter>
    </ClInclude>
    <ClInclude Include="src\Log\rmg_Log_int.h">
      <Filter>Header Files</Filter>
    </ClInclude>
    <ClInclude Include="src\Math\rmg_Math.h">
      <Filter>Header Files</Filter>
    </ClInclude>
    <ClInclude Include="src\Math\rmg_Random.h">
      <Filter>Header Files</Filter>
    </ClInclude>
    <ClInclude Include="src\Math\rmg_Random_int.h">
      <Filter>Header Files</Filter>
    </ClInclude>
    <ClInclude Include="src\Math\rmg_Vector.h">
      <Filter>Header Files</Filter>
    </ClInclude>
    <ClInclude Include="src\Renderer\rmg_Renderer.h">
      <Filter>Header Files</Filter>
    </ClInclude>
    <ClInclude Include="src\Renderer\rmg_Renderer_int.h">
      <Filter>Header Files</Filter>
    </ClInclude>
    <ClInclude Include="src\Renderer\rmg_RendererShapes_int.h">
      <Filter>Header Files</Filter>
    </ClInclude>
    <ClInclude Include="src\Renderer\rmg_RendererVertex_int.h">
      <Filter>Header Files</Filter>
    </ClInclude>
    <ClInclude Include="src\Texture\rmg_Font.h">
      <Filter>Header Files</Filter>
    </ClInclude>
    <ClInclude Include="src\Texture\rmg_Texture.h">
      <Filter>Header Files</Filter>
    </ClInclude>
    <ClInclude Include="src\Texture\rmg_Texture_int.h">
      <Filter>Header Files</Filter>
    </ClInclude>
    <ClInclude Include="vendor\stb_image\stb_image.h">
      <Filter>Header Files</Filter>
    </ClInclude>
  </ItemGroup>
  <ItemGroup>
    <None Include="vendor\stb_image\LICENSE" />
  </ItemGroup>
</Project>